// !$*UTF8*$!
{
	archiveVersion = 1;
	classes = {
	};
	objectVersion = 56;
	objects = {

/* Begin PBXBuildFile section */
		A0EFB5122BA0EBA7008C9572 /* MosaicoApp.swift in Sources */ = {isa = PBXBuildFile; fileRef = A0EFB5112BA0EBA7008C9572 /* MosaicoApp.swift */; };
		A0EFB5142BA0EBA7008C9572 /* ContentView.swift in Sources */ = {isa = PBXBuildFile; fileRef = A0EFB5132BA0EBA7008C9572 /* ContentView.swift */; };
		A0EFB5162BA0EBA7008C9572 /* Item.swift in Sources */ = {isa = PBXBuildFile; fileRef = A0EFB5152BA0EBA7008C9572 /* Item.swift */; };
		A0EFB5182BA0EBA8008C9572 /* Assets.xcassets in Resources */ = {isa = PBXBuildFile; fileRef = A0EFB5172BA0EBA8008C9572 /* Assets.xcassets */; };
		A0EFB51C2BA0EBA8008C9572 /* Preview Assets.xcassets in Resources */ = {isa = PBXBuildFile; fileRef = A0EFB51B2BA0EBA8008C9572 /* Preview Assets.xcassets */; };
		A0EFB5262BA0EBA8008C9572 /* MosaicoTests.swift in Sources */ = {isa = PBXBuildFile; fileRef = A0EFB5252BA0EBA8008C9572 /* MosaicoTests.swift */; };
		A0EFB5302BA0EBA8008C9572 /* MosaicoUITests.swift in Sources */ = {isa = PBXBuildFile; fileRef = A0EFB52F2BA0EBA8008C9572 /* MosaicoUITests.swift */; };
		A0EFB5322BA0EBA8008C9572 /* MosaicoUITestsLaunchTests.swift in Sources */ = {isa = PBXBuildFile; fileRef = A0EFB5312BA0EBA8008C9572 /* MosaicoUITestsLaunchTests.swift */; };
/* End PBXBuildFile section */

/* Begin PBXContainerItemProxy section */
		A0EFB5222BA0EBA8008C9572 /* PBXContainerItemProxy */ = {
			isa = PBXContainerItemProxy;
			containerPortal = A0EFB5062BA0EBA7008C9572 /* Project object */;
			proxyType = 1;
			remoteGlobalIDString = A0EFB50D2BA0EBA7008C9572;
			remoteInfo = Mosaico;
		};
		A0EFB52C2BA0EBA8008C9572 /* PBXContainerItemProxy */ = {
			isa = PBXContainerItemProxy;
			containerPortal = A0EFB5062BA0EBA7008C9572 /* Project object */;
			proxyType = 1;
			remoteGlobalIDString = A0EFB50D2BA0EBA7008C9572;
			remoteInfo = Mosaico;
		};
/* End PBXContainerItemProxy section */

/* Begin PBXFileReference section */
		A0EFB50E2BA0EBA7008C9572 /* Mosaico.app */ = {isa = PBXFileReference; explicitFileType = wrapper.application; includeInIndex = 0; path = Mosaico.app; sourceTree = BUILT_PRODUCTS_DIR; };
		A0EFB5112BA0EBA7008C9572 /* MosaicoApp.swift */ = {isa = PBXFileReference; lastKnownFileType = sourcecode.swift; path = MosaicoApp.swift; sourceTree = "<group>"; };
		A0EFB5132BA0EBA7008C9572 /* ContentView.swift */ = {isa = PBXFileReference; lastKnownFileType = sourcecode.swift; path = ContentView.swift; sourceTree = "<group>"; };
		A0EFB5152BA0EBA7008C9572 /* Item.swift */ = {isa = PBXFileReference; lastKnownFileType = sourcecode.swift; path = Item.swift; sourceTree = "<group>"; };
		A0EFB5172BA0EBA8008C9572 /* Assets.xcassets */ = {isa = PBXFileReference; lastKnownFileType = folder.assetcatalog; path = Assets.xcassets; sourceTree = "<group>"; };
		A0EFB5192BA0EBA8008C9572 /* Mosaico.entitlements */ = {isa = PBXFileReference; lastKnownFileType = text.plist.entitlements; path = Mosaico.entitlements; sourceTree = "<group>"; };
		A0EFB51B2BA0EBA8008C9572 /* Preview Assets.xcassets */ = {isa = PBXFileReference; lastKnownFileType = folder.assetcatalog; path = "Preview Assets.xcassets"; sourceTree = "<group>"; };
		A0EFB5212BA0EBA8008C9572 /* MosaicoTests.xctest */ = {isa = PBXFileReference; explicitFileType = wrapper.cfbundle; includeInIndex = 0; path = MosaicoTests.xctest; sourceTree = BUILT_PRODUCTS_DIR; };
		A0EFB5252BA0EBA8008C9572 /* MosaicoTests.swift */ = {isa = PBXFileReference; lastKnownFileType = sourcecode.swift; path = MosaicoTests.swift; sourceTree = "<group>"; };
		A0EFB52B2BA0EBA8008C9572 /* MosaicoUITests.xctest */ = {isa = PBXFileReference; explicitFileType = wrapper.cfbundle; includeInIndex = 0; path = MosaicoUITests.xctest; sourceTree = BUILT_PRODUCTS_DIR; };
		A0EFB52F2BA0EBA8008C9572 /* MosaicoUITests.swift */ = {isa = PBXFileReference; lastKnownFileType = sourcecode.swift; path = MosaicoUITests.swift; sourceTree = "<group>"; };
		A0EFB5312BA0EBA8008C9572 /* MosaicoUITestsLaunchTests.swift */ = {isa = PBXFileReference; lastKnownFileType = sourcecode.swift; path = MosaicoUITestsLaunchTests.swift; sourceTree = "<group>"; };
/* End PBXFileReference section */

/* Begin PBXFrameworksBuildPhase section */
		A0EFB50B2BA0EBA7008C9572 /* Frameworks */ = {
			isa = PBXFrameworksBuildPhase;
			buildActionMask = 2147483647;
			files = (
			);
			runOnlyForDeploymentPostprocessing = 0;
		};
		A0EFB51E2BA0EBA8008C9572 /* Frameworks */ = {
			isa = PBXFrameworksBuildPhase;
			buildActionMask = 2147483647;
			files = (
			);
			runOnlyForDeploymentPostprocessing = 0;
		};
		A0EFB5282BA0EBA8008C9572 /* Frameworks */ = {
			isa = PBXFrameworksBuildPhase;
			buildActionMask = 2147483647;
			files = (
			);
			runOnlyForDeploymentPostprocessing = 0;
		};
/* End PBXFrameworksBuildPhase section */

/* Begin PBXGroup section */
		A0EFB5052BA0EBA7008C9572 = {
			isa = PBXGroup;
			children = (
				A0EFB5102BA0EBA7008C9572 /* Mosaico */,
				A0EFB5242BA0EBA8008C9572 /* MosaicoTests */,
				A0EFB52E2BA0EBA8008C9572 /* MosaicoUITests */,
				A0EFB50F2BA0EBA7008C9572 /* Products */,
			);
			sourceTree = "<group>";
		};
		A0EFB50F2BA0EBA7008C9572 /* Products */ = {
			isa = PBXGroup;
			children = (
				A0EFB50E2BA0EBA7008C9572 /* Mosaico.app */,
				A0EFB5212BA0EBA8008C9572 /* MosaicoTests.xctest */,
				A0EFB52B2BA0EBA8008C9572 /* MosaicoUITests.xctest */,
			);
			name = Products;
			sourceTree = "<group>";
		};
		A0EFB5102BA0EBA7008C9572 /* Mosaico */ = {
			isa = PBXGroup;
			children = (
				A0EFB5112BA0EBA7008C9572 /* MosaicoApp.swift */,
				A0EFB5132BA0EBA7008C9572 /* ContentView.swift */,
				A0EFB5152BA0EBA7008C9572 /* Item.swift */,
				A0EFB5172BA0EBA8008C9572 /* Assets.xcassets */,
				A0EFB5192BA0EBA8008C9572 /* Mosaico.entitlements */,
				A0EFB51A2BA0EBA8008C9572 /* Preview Content */,
			);
			path = Mosaico;
			sourceTree = "<group>";
		};
		A0EFB51A2BA0EBA8008C9572 /* Preview Content */ = {
			isa = PBXGroup;
			children = (
				A0EFB51B2BA0EBA8008C9572 /* Preview Assets.xcassets */,
			);
			path = "Preview Content";
			sourceTree = "<group>";
		};
		A0EFB5242BA0EBA8008C9572 /* MosaicoTests */ = {
			isa = PBXGroup;
			children = (
				A0EFB5252BA0EBA8008C9572 /* MosaicoTests.swift */,
			);
			path = MosaicoTests;
			sourceTree = "<group>";
		};
		A0EFB52E2BA0EBA8008C9572 /* MosaicoUITests */ = {
			isa = PBXGroup;
			children = (
				A0EFB52F2BA0EBA8008C9572 /* MosaicoUITests.swift */,
				A0EFB5312BA0EBA8008C9572 /* MosaicoUITestsLaunchTests.swift */,
			);
			path = MosaicoUITests;
			sourceTree = "<group>";
		};
/* End PBXGroup section */

/* Begin PBXNativeTarget section */
		A0EFB50D2BA0EBA7008C9572 /* Mosaico */ = {
			isa = PBXNativeTarget;
			buildConfigurationList = A0EFB5352BA0EBA8008C9572 /* Build configuration list for PBXNativeTarget "Mosaico" */;
			buildPhases = (
				A0EFB50A2BA0EBA7008C9572 /* Sources */,
				A0EFB50B2BA0EBA7008C9572 /* Frameworks */,
				A0EFB50C2BA0EBA7008C9572 /* Resources */,
			);
			buildRules = (
			);
			dependencies = (
			);
			name = Mosaico;
			productName = Mosaico;
			productReference = A0EFB50E2BA0EBA7008C9572 /* Mosaico.app */;
			productType = "com.apple.product-type.application";
		};
		A0EFB5202BA0EBA8008C9572 /* MosaicoTests */ = {
			isa = PBXNativeTarget;
			buildConfigurationList = A0EFB5382BA0EBA8008C9572 /* Build configuration list for PBXNativeTarget "MosaicoTests" */;
			buildPhases = (
				A0EFB51D2BA0EBA8008C9572 /* Sources */,
				A0EFB51E2BA0EBA8008C9572 /* Frameworks */,
				A0EFB51F2BA0EBA8008C9572 /* Resources */,
			);
			buildRules = (
			);
			dependencies = (
				A0EFB5232BA0EBA8008C9572 /* PBXTargetDependency */,
			);
			name = MosaicoTests;
			productName = MosaicoTests;
			productReference = A0EFB5212BA0EBA8008C9572 /* MosaicoTests.xctest */;
			productType = "com.apple.product-type.bundle.unit-test";
		};
		A0EFB52A2BA0EBA8008C9572 /* MosaicoUITests */ = {
			isa = PBXNativeTarget;
			buildConfigurationList = A0EFB53B2BA0EBA8008C9572 /* Build configuration list for PBXNativeTarget "MosaicoUITests" */;
			buildPhases = (
				A0EFB5272BA0EBA8008C9572 /* Sources */,
				A0EFB5282BA0EBA8008C9572 /* Frameworks */,
				A0EFB5292BA0EBA8008C9572 /* Resources */,
			);
			buildRules = (
			);
			dependencies = (
				A0EFB52D2BA0EBA8008C9572 /* PBXTargetDependency */,
			);
			name = MosaicoUITests;
			productName = MosaicoUITests;
			productReference = A0EFB52B2BA0EBA8008C9572 /* MosaicoUITests.xctest */;
			productType = "com.apple.product-type.bundle.ui-testing";
		};
/* End PBXNativeTarget section */

/* Begin PBXProject section */
		A0EFB5062BA0EBA7008C9572 /* Project object */ = {
			isa = PBXProject;
			attributes = {
				BuildIndependentTargetsInParallel = 1;
				LastSwiftUpdateCheck = 1530;
				LastUpgradeCheck = 1530;
				TargetAttributes = {
					A0EFB50D2BA0EBA7008C9572 = {
						CreatedOnToolsVersion = 15.3;
					};
					A0EFB5202BA0EBA8008C9572 = {
						CreatedOnToolsVersion = 15.3;
						TestTargetID = A0EFB50D2BA0EBA7008C9572;
					};
					A0EFB52A2BA0EBA8008C9572 = {
						CreatedOnToolsVersion = 15.3;
						TestTargetID = A0EFB50D2BA0EBA7008C9572;
					};
				};
			};
			buildConfigurationList = A0EFB5092BA0EBA7008C9572 /* Build configuration list for PBXProject "Mosaico" */;
			compatibilityVersion = "Xcode 14.0";
			developmentRegion = en;
			hasScannedForEncodings = 0;
			knownRegions = (
				en,
				Base,
			);
			mainGroup = A0EFB5052BA0EBA7008C9572;
			productRefGroup = A0EFB50F2BA0EBA7008C9572 /* Products */;
			projectDirPath = "";
			projectRoot = "";
			targets = (
				A0EFB50D2BA0EBA7008C9572 /* Mosaico */,
				A0EFB5202BA0EBA8008C9572 /* MosaicoTests */,
				A0EFB52A2BA0EBA8008C9572 /* MosaicoUITests */,
			);
		};
/* End PBXProject section */

/* Begin PBXResourcesBuildPhase section */
		A0EFB50C2BA0EBA7008C9572 /* Resources */ = {
			isa = PBXResourcesBuildPhase;
			buildActionMask = 2147483647;
			files = (
				A0EFB51C2BA0EBA8008C9572 /* Preview Assets.xcassets in Resources */,
				A0EFB5182BA0EBA8008C9572 /* Assets.xcassets in Resources */,
			);
			runOnlyForDeploymentPostprocessing = 0;
		};
		A0EFB51F2BA0EBA8008C9572 /* Resources */ = {
			isa = PBXResourcesBuildPhase;
			buildActionMask = 2147483647;
			files = (
			);
			runOnlyForDeploymentPostprocessing = 0;
		};
		A0EFB5292BA0EBA8008C9572 /* Resources */ = {
			isa = PBXResourcesBuildPhase;
			buildActionMask = 2147483647;
			files = (
			);
			runOnlyForDeploymentPostprocessing = 0;
		};
/* End PBXResourcesBuildPhase section */

/* Begin PBXSourcesBuildPhase section */
		A0EFB50A2BA0EBA7008C9572 /* Sources */ = {
			isa = PBXSourcesBuildPhase;
			buildActionMask = 2147483647;
			files = (
				A0EFB5142BA0EBA7008C9572 /* ContentView.swift in Sources */,
				A0EFB5162BA0EBA7008C9572 /* Item.swift in Sources */,
				A0EFB5122BA0EBA7008C9572 /* MosaicoApp.swift in Sources */,
			);
			runOnlyForDeploymentPostprocessing = 0;
		};
		A0EFB51D2BA0EBA8008C9572 /* Sources */ = {
			isa = PBXSourcesBuildPhase;
			buildActionMask = 2147483647;
			files = (
				A0EFB5262BA0EBA8008C9572 /* MosaicoTests.swift in Sources */,
			);
			runOnlyForDeploymentPostprocessing = 0;
		};
		A0EFB5272BA0EBA8008C9572 /* Sources */ = {
			isa = PBXSourcesBuildPhase;
			buildActionMask = 2147483647;
			files = (
				A0EFB5322BA0EBA8008C9572 /* MosaicoUITestsLaunchTests.swift in Sources */,
				A0EFB5302BA0EBA8008C9572 /* MosaicoUITests.swift in Sources */,
			);
			runOnlyForDeploymentPostprocessing = 0;
		};
/* End PBXSourcesBuildPhase section */

/* Begin PBXTargetDependency section */
		A0EFB5232BA0EBA8008C9572 /* PBXTargetDependency */ = {
			isa = PBXTargetDependency;
			target = A0EFB50D2BA0EBA7008C9572 /* Mosaico */;
			targetProxy = A0EFB5222BA0EBA8008C9572 /* PBXContainerItemProxy */;
		};
		A0EFB52D2BA0EBA8008C9572 /* PBXTargetDependency */ = {
			isa = PBXTargetDependency;
			target = A0EFB50D2BA0EBA7008C9572 /* Mosaico */;
			targetProxy = A0EFB52C2BA0EBA8008C9572 /* PBXContainerItemProxy */;
		};
/* End PBXTargetDependency section */

/* Begin XCBuildConfiguration section */
		A0EFB5332BA0EBA8008C9572 /* Debug */ = {
			isa = XCBuildConfiguration;
			buildSettings = {
				ALWAYS_SEARCH_USER_PATHS = NO;
				ASSETCATALOG_COMPILER_GENERATE_SWIFT_ASSET_SYMBOL_EXTENSIONS = YES;
				CLANG_ANALYZER_NONNULL = YES;
				CLANG_ANALYZER_NUMBER_OBJECT_CONVERSION = YES_AGGRESSIVE;
				CLANG_CXX_LANGUAGE_STANDARD = "gnu++20";
				CLANG_ENABLE_MODULES = YES;
				CLANG_ENABLE_OBJC_ARC = YES;
				CLANG_ENABLE_OBJC_WEAK = YES;
				CLANG_WARN_BLOCK_CAPTURE_AUTORELEASING = YES;
				CLANG_WARN_BOOL_CONVERSION = YES;
				CLANG_WARN_COMMA = YES;
				CLANG_WARN_CONSTANT_CONVERSION = YES;
				CLANG_WARN_DEPRECATED_OBJC_IMPLEMENTATIONS = YES;
				CLANG_WARN_DIRECT_OBJC_ISA_USAGE = YES_ERROR;
				CLANG_WARN_DOCUMENTATION_COMMENTS = YES;
				CLANG_WARN_EMPTY_BODY = YES;
				CLANG_WARN_ENUM_CONVERSION = YES;
				CLANG_WARN_INFINITE_RECURSION = YES;
				CLANG_WARN_INT_CONVERSION = YES;
				CLANG_WARN_NON_LITERAL_NULL_CONVERSION = YES;
				CLANG_WARN_OBJC_IMPLICIT_RETAIN_SELF = YES;
				CLANG_WARN_OBJC_LITERAL_CONVERSION = YES;
				CLANG_WARN_OBJC_ROOT_CLASS = YES_ERROR;
				CLANG_WARN_QUOTED_INCLUDE_IN_FRAMEWORK_HEADER = YES;
				CLANG_WARN_RANGE_LOOP_ANALYSIS = YES;
				CLANG_WARN_STRICT_PROTOTYPES = YES;
				CLANG_WARN_SUSPICIOUS_MOVE = YES;
				CLANG_WARN_UNGUARDED_AVAILABILITY = YES_AGGRESSIVE;
				CLANG_WARN_UNREACHABLE_CODE = YES;
				CLANG_WARN__DUPLICATE_METHOD_MATCH = YES;
				COPY_PHASE_STRIP = NO;
				DEBUG_INFORMATION_FORMAT = dwarf;
				ENABLE_STRICT_OBJC_MSGSEND = YES;
				ENABLE_TESTABILITY = YES;
				ENABLE_USER_SCRIPT_SANDBOXING = YES;
				GCC_C_LANGUAGE_STANDARD = gnu17;
				GCC_DYNAMIC_NO_PIC = NO;
				GCC_NO_COMMON_BLOCKS = YES;
				GCC_OPTIMIZATION_LEVEL = 0;
				GCC_PREPROCESSOR_DEFINITIONS = (
					"DEBUG=1",
					"$(inherited)",
				);
				GCC_WARN_64_TO_32_BIT_CONVERSION = YES;
				GCC_WARN_ABOUT_RETURN_TYPE = YES_ERROR;
				GCC_WARN_UNDECLARED_SELECTOR = YES;
				GCC_WARN_UNINITIALIZED_AUTOS = YES_AGGRESSIVE;
				GCC_WARN_UNUSED_FUNCTION = YES;
				GCC_WARN_UNUSED_VARIABLE = YES;
				LOCALIZATION_PREFERS_STRING_CATALOGS = YES;
				MTL_ENABLE_DEBUG_INFO = INCLUDE_SOURCE;
				MTL_FAST_MATH = YES;
				ONLY_ACTIVE_ARCH = YES;
				SWIFT_ACTIVE_COMPILATION_CONDITIONS = "DEBUG $(inherited)";
				SWIFT_OPTIMIZATION_LEVEL = "-Onone";
			};
			name = Debug;
		};
		A0EFB5342BA0EBA8008C9572 /* Release */ = {
			isa = XCBuildConfiguration;
			buildSettings = {
				ALWAYS_SEARCH_USER_PATHS = NO;
				ASSETCATALOG_COMPILER_GENERATE_SWIFT_ASSET_SYMBOL_EXTENSIONS = YES;
				CLANG_ANALYZER_NONNULL = YES;
				CLANG_ANALYZER_NUMBER_OBJECT_CONVERSION = YES_AGGRESSIVE;
				CLANG_CXX_LANGUAGE_STANDARD = "gnu++20";
				CLANG_ENABLE_MODULES = YES;
				CLANG_ENABLE_OBJC_ARC = YES;
				CLANG_ENABLE_OBJC_WEAK = YES;
				CLANG_WARN_BLOCK_CAPTURE_AUTORELEASING = YES;
				CLANG_WARN_BOOL_CONVERSION = YES;
				CLANG_WARN_COMMA = YES;
				CLANG_WARN_CONSTANT_CONVERSION = YES;
				CLANG_WARN_DEPRECATED_OBJC_IMPLEMENTATIONS = YES;
				CLANG_WARN_DIRECT_OBJC_ISA_USAGE = YES_ERROR;
				CLANG_WARN_DOCUMENTATION_COMMENTS = YES;
				CLANG_WARN_EMPTY_BODY = YES;
				CLANG_WARN_ENUM_CONVERSION = YES;
				CLANG_WARN_INFINITE_RECURSION = YES;
				CLANG_WARN_INT_CONVERSION = YES;
				CLANG_WARN_NON_LITERAL_NULL_CONVERSION = YES;
				CLANG_WARN_OBJC_IMPLICIT_RETAIN_SELF = YES;
				CLANG_WARN_OBJC_LITERAL_CONVERSION = YES;
				CLANG_WARN_OBJC_ROOT_CLASS = YES_ERROR;
				CLANG_WARN_QUOTED_INCLUDE_IN_FRAMEWORK_HEADER = YES;
				CLANG_WARN_RANGE_LOOP_ANALYSIS = YES;
				CLANG_WARN_STRICT_PROTOTYPES = YES;
				CLANG_WARN_SUSPICIOUS_MOVE = YES;
				CLANG_WARN_UNGUARDED_AVAILABILITY = YES_AGGRESSIVE;
				CLANG_WARN_UNREACHABLE_CODE = YES;
				CLANG_WARN__DUPLICATE_METHOD_MATCH = YES;
				COPY_PHASE_STRIP = NO;
				DEBUG_INFORMATION_FORMAT = "dwarf-with-dsym";
				ENABLE_NS_ASSERTIONS = NO;
				ENABLE_STRICT_OBJC_MSGSEND = YES;
				ENABLE_USER_SCRIPT_SANDBOXING = YES;
				GCC_C_LANGUAGE_STANDARD = gnu17;
				GCC_NO_COMMON_BLOCKS = YES;
				GCC_WARN_64_TO_32_BIT_CONVERSION = YES;
				GCC_WARN_ABOUT_RETURN_TYPE = YES_ERROR;
				GCC_WARN_UNDECLARED_SELECTOR = YES;
				GCC_WARN_UNINITIALIZED_AUTOS = YES_AGGRESSIVE;
				GCC_WARN_UNUSED_FUNCTION = YES;
				GCC_WARN_UNUSED_VARIABLE = YES;
				LOCALIZATION_PREFERS_STRING_CATALOGS = YES;
				MTL_ENABLE_DEBUG_INFO = NO;
				MTL_FAST_MATH = YES;
				SWIFT_COMPILATION_MODE = wholemodule;
			};
			name = Release;
		};
		A0EFB5362BA0EBA8008C9572 /* Debug */ = {
			isa = XCBuildConfiguration;
			buildSettings = {
				ASSETCATALOG_COMPILER_APPICON_NAME = AppIcon;
				ASSETCATALOG_COMPILER_GLOBAL_ACCENT_COLOR_NAME = AccentColor;
				CODE_SIGN_ENTITLEMENTS = Mosaico/Mosaico.entitlements;
				CODE_SIGN_STYLE = Automatic;
				CURRENT_PROJECT_VERSION = 1;
				DEVELOPMENT_ASSET_PATHS = "\"Mosaico/Preview Content\"";
				DEVELOPMENT_TEAM = QQPJJFK7FH;
				ENABLE_HARDENED_RUNTIME = YES;
				ENABLE_PREVIEWS = YES;
				GENERATE_INFOPLIST_FILE = YES;
				"INFOPLIST_KEY_UIApplicationSceneManifest_Generation[sdk=iphoneos*]" = YES;
				"INFOPLIST_KEY_UIApplicationSceneManifest_Generation[sdk=iphonesimulator*]" = YES;
				"INFOPLIST_KEY_UIApplicationSupportsIndirectInputEvents[sdk=iphoneos*]" = YES;
				"INFOPLIST_KEY_UIApplicationSupportsIndirectInputEvents[sdk=iphonesimulator*]" = YES;
				"INFOPLIST_KEY_UILaunchScreen_Generation[sdk=iphoneos*]" = YES;
				"INFOPLIST_KEY_UILaunchScreen_Generation[sdk=iphonesimulator*]" = YES;
				"INFOPLIST_KEY_UIStatusBarStyle[sdk=iphoneos*]" = UIStatusBarStyleDefault;
				"INFOPLIST_KEY_UIStatusBarStyle[sdk=iphonesimulator*]" = UIStatusBarStyleDefault;
				INFOPLIST_KEY_UISupportedInterfaceOrientations_iPad = "UIInterfaceOrientationPortrait UIInterfaceOrientationPortraitUpsideDown UIInterfaceOrientationLandscapeLeft UIInterfaceOrientationLandscapeRight";
				INFOPLIST_KEY_UISupportedInterfaceOrientations_iPhone = "UIInterfaceOrientationPortrait UIInterfaceOrientationLandscapeLeft UIInterfaceOrientationLandscapeRight";
				IPHONEOS_DEPLOYMENT_TARGET = 17.4;
				LD_RUNPATH_SEARCH_PATHS = "@executable_path/Frameworks";
				"LD_RUNPATH_SEARCH_PATHS[sdk=macosx*]" = "@executable_path/../Frameworks";
				MACOSX_DEPLOYMENT_TARGET = 14.0;
				MARKETING_VERSION = 1.0;
				PRODUCT_BUNDLE_IDENTIFIER = com.gigroad.Mosaico;
				PRODUCT_NAME = "$(TARGET_NAME)";
				SDKROOT = auto;
				SUPPORTED_PLATFORMS = "iphoneos iphonesimulator macosx";
				SWIFT_EMIT_LOC_STRINGS = YES;
				SWIFT_VERSION = 5.0;
				TARGETED_DEVICE_FAMILY = "1,2";
			};
			name = Debug;
		};
		A0EFB5372BA0EBA8008C9572 /* Release */ = {
			isa = XCBuildConfiguration;
			buildSettings = {
				ASSETCATALOG_COMPILER_APPICON_NAME = AppIcon;
				ASSETCATALOG_COMPILER_GLOBAL_ACCENT_COLOR_NAME = AccentColor;
				CODE_SIGN_ENTITLEMENTS = Mosaico/Mosaico.entitlements;
				CODE_SIGN_STYLE = Automatic;
				CURRENT_PROJECT_VERSION = 1;
				DEVELOPMENT_ASSET_PATHS = "\"Mosaico/Preview Content\"";
				DEVELOPMENT_TEAM = QQPJJFK7FH;
				ENABLE_HARDENED_RUNTIME = YES;
				ENABLE_PREVIEWS = YES;
				GENERATE_INFOPLIST_FILE = YES;
				"INFOPLIST_KEY_UIApplicationSceneManifest_Generation[sdk=iphoneos*]" = YES;
				"INFOPLIST_KEY_UIApplicationSceneManifest_Generation[sdk=iphonesimulator*]" = YES;
				"INFOPLIST_KEY_UIApplicationSupportsIndirectInputEvents[sdk=iphoneos*]" = YES;
				"INFOPLIST_KEY_UIApplicationSupportsIndirectInputEvents[sdk=iphonesimulator*]" = YES;
				"INFOPLIST_KEY_UILaunchScreen_Generation[sdk=iphoneos*]" = YES;
				"INFOPLIST_KEY_UILaunchScreen_Generation[sdk=iphonesimulator*]" = YES;
				"INFOPLIST_KEY_UIStatusBarStyle[sdk=iphoneos*]" = UIStatusBarStyleDefault;
				"INFOPLIST_KEY_UIStatusBarStyle[sdk=iphonesimulator*]" = UIStatusBarStyleDefault;
				INFOPLIST_KEY_UISupportedInterfaceOrientations_iPad = "UIInterfaceOrientationPortrait UIInterfaceOrientationPortraitUpsideDown UIInterfaceOrientationLandscapeLeft UIInterfaceOrientationLandscapeRight";
				INFOPLIST_KEY_UISupportedInterfaceOrientations_iPhone = "UIInterfaceOrientationPortrait UIInterfaceOrientationLandscapeLeft UIInterfaceOrientationLandscapeRight";
				IPHONEOS_DEPLOYMENT_TARGET = 17.4;
				LD_RUNPATH_SEARCH_PATHS = "@executable_path/Frameworks";
				"LD_RUNPATH_SEARCH_PATHS[sdk=macosx*]" = "@executable_path/../Frameworks";
				MACOSX_DEPLOYMENT_TARGET = 14.0;
				MARKETING_VERSION = 1.0;
				PRODUCT_BUNDLE_IDENTIFIER = com.gigroad.Mosaico;
				PRODUCT_NAME = "$(TARGET_NAME)";
				SDKROOT = auto;
				SUPPORTED_PLATFORMS = "iphoneos iphonesimulator macosx";
				SWIFT_EMIT_LOC_STRINGS = YES;
				SWIFT_VERSION = 5.0;
				TARGETED_DEVICE_FAMILY = "1,2";
			};
			name = Release;
		};
		A0EFB5392BA0EBA8008C9572 /* Debug */ = {
			isa = XCBuildConfiguration;
			buildSettings = {
				ALWAYS_EMBED_SWIFT_STANDARD_LIBRARIES = YES;
				BUNDLE_LOADER = "$(TEST_HOST)";
				CODE_SIGN_STYLE = Automatic;
				CURRENT_PROJECT_VERSION = 1;
				DEVELOPMENT_TEAM = QQPJJFK7FH;
				GENERATE_INFOPLIST_FILE = YES;
				IPHONEOS_DEPLOYMENT_TARGET = 17.4;
				MACOSX_DEPLOYMENT_TARGET = 14.2;
				MARKETING_VERSION = 1.0;
				PRODUCT_BUNDLE_IDENTIFIER = com.gigroad.MosaicoTests;
				PRODUCT_NAME = "$(TARGET_NAME)";
				SDKROOT = auto;
				SUPPORTED_PLATFORMS = "iphoneos iphonesimulator macosx";
				SWIFT_EMIT_LOC_STRINGS = NO;
				SWIFT_VERSION = 5.0;
				TARGETED_DEVICE_FAMILY = "1,2";
				TEST_HOST = "$(BUILT_PRODUCTS_DIR)/Mosaico.app/$(BUNDLE_EXECUTABLE_FOLDER_PATH)/Mosaico";
			};
			name = Debug;
		};
		A0EFB53A2BA0EBA8008C9572 /* Release */ = {
			isa = XCBuildConfiguration;
			buildSettings = {
				ALWAYS_EMBED_SWIFT_STANDARD_LIBRARIES = YES;
				BUNDLE_LOADER = "$(TEST_HOST)";
				CODE_SIGN_STYLE = Automatic;
				CURRENT_PROJECT_VERSION = 1;
				DEVELOPMENT_TEAM = QQPJJFK7FH;
				GENERATE_INFOPLIST_FILE = YES;
				IPHONEOS_DEPLOYMENT_TARGET = 17.4;
				MACOSX_DEPLOYMENT_TARGET = 14.2;
				MARKETING_VERSION = 1.0;
				PRODUCT_BUNDLE_IDENTIFIER = com.gigroad.MosaicoTests;
				PRODUCT_NAME = "$(TARGET_NAME)";
				SDKROOT = auto;
				SUPPORTED_PLATFORMS = "iphoneos iphonesimulator macosx";
				SWIFT_EMIT_LOC_STRINGS = NO;
				SWIFT_VERSION = 5.0;
				TARGETED_DEVICE_FAMILY = "1,2";
				TEST_HOST = "$(BUILT_PRODUCTS_DIR)/Mosaico.app/$(BUNDLE_EXECUTABLE_FOLDER_PATH)/Mosaico";
			};
			name = Release;
		};
		A0EFB53C2BA0EBA8008C9572 /* Debug */ = {
			isa = XCBuildConfiguration;
			buildSettings = {
				ALWAYS_EMBED_SWIFT_STANDARD_LIBRARIES = YES;
				CODE_SIGN_STYLE = Automatic;
				CURRENT_PROJECT_VERSION = 1;
				DEVELOPMENT_TEAM = QQPJJFK7FH;
				GENERATE_INFOPLIST_FILE = YES;
				IPHONEOS_DEPLOYMENT_TARGET = 17.4;
				MACOSX_DEPLOYMENT_TARGET = 14.2;
				MARKETING_VERSION = 1.0;
				PRODUCT_BUNDLE_IDENTIFIER = com.gigroad.MosaicoUITests;
				PRODUCT_NAME = "$(TARGET_NAME)";
				SDKROOT = auto;
				SUPPORTED_PLATFORMS = "iphoneos iphonesimulator macosx";
				SWIFT_EMIT_LOC_STRINGS = NO;
				SWIFT_VERSION = 5.0;
				TARGETED_DEVICE_FAMILY = "1,2";
				TEST_TARGET_NAME = Mosaico;
			};
			name = Debug;
		};
		A0EFB53D2BA0EBA8008C9572 /* Release */ = {
			isa = XCBuildConfiguration;
			buildSettings = {
				ALWAYS_EMBED_SWIFT_STANDARD_LIBRARIES = YES;
				CODE_SIGN_STYLE = Automatic;
				CURRENT_PROJECT_VERSION = 1;
				DEVELOPMENT_TEAM = QQPJJFK7FH;
				GENERATE_INFOPLIST_FILE = YES;
				IPHONEOS_DEPLOYMENT_TARGET = 17.4;
				MACOSX_DEPLOYMENT_TARGET = 14.2;
				MARKETING_VERSION = 1.0;
				PRODUCT_BUNDLE_IDENTIFIER = com.gigroad.MosaicoUITests;
				PRODUCT_NAME = "$(TARGET_NAME)";
				SDKROOT = auto;
				SUPPORTED_PLATFORMS = "iphoneos iphonesimulator macosx";
				SWIFT_EMIT_LOC_STRINGS = NO;
				SWIFT_VERSION = 5.0;
				TARGETED_DEVICE_FAMILY = "1,2";
				TEST_TARGET_NAME = Mosaico;
			};
			name = Release;
		};
/* End XCBuildConfiguration section */

/* Begin XCConfigurationList section */
		A0EFB5092BA0EBA7008C9572 /* Build configuration list for PBXProject "Mosaico" */ = {
			isa = XCConfigurationList;
			buildConfigurations = (
				A0EFB5332BA0EBA8008C9572 /* Debug */,
				A0EFB5342BA0EBA8008C9572 /* Release */,
			);
			defaultConfigurationIsVisible = 0;
			defaultConfigurationName = Release;
		};
		A0EFB5352BA0EBA8008C9572 /* Build configuration list for PBXNativeTarget "Mosaico" */ = {
			isa = XCConfigurationList;
			buildConfigurations = (
				A0EFB5362BA0EBA8008C9572 /* Debug */,
				A0EFB5372BA0EBA8008C9572 /* Release */,
			);
			defaultConfigurationIsVisible = 0;
			defaultConfigurationName = Release;
		};
		A0EFB5382BA0EBA8008C9572 /* Build configuration list for PBXNativeTarget "MosaicoTests" */ = {
			isa = XCConfigurationList;
			buildConfigurations = (
				A0EFB5392BA0EBA8008C9572 /* Debug */,
				A0EFB53A2BA0EBA8008C9572 /* Release */,
			);
			defaultConfigurationIsVisible = 0;
			defaultConfigurationName = Release;
		};
		A0EFB53B2BA0EBA8008C9572 /* Build configuration list for PBXNativeTarget "MosaicoUITests" */ = {
			isa = XCConfigurationList;
			buildConfigurations = (
				A0EFB53C2BA0EBA8008C9572 /* Debug */,
				A0EFB53D2BA0EBA8008C9572 /* Release */,
			);
			defaultConfigurationIsVisible = 0;
			defaultConfigurationName = Release;
		};
/* End XCConfigurationList section */
	};
	rootObject = A0EFB5062BA0EBA7008C9572 /* Project object */;
}
